
Microsoft Visual Studio Solution File, Format Version 12.00
# Visual Studio Version 17
VisualStudioVersion = 17.2.32526.322
MinimumVisualStudioVersion = 10.0.40219.1
Project("{FAE04EC0-301F-11D3-BF4B-00C04F79EFBC}") = "BulkyBookWeb", "BulkyBookWeb\BulkyBookWeb.csproj", "{DD95FBD8-3DDF-4BA6-A32B-994CA95CACB0}"
EndProject
Project("{FAE04EC0-301F-11D3-BF4B-00C04F79EFBC}") = "BulkyBook.Entities", "Entities\BulkyBook.Entities.csproj", "{EBF3C66B-0421-4485-B4C4-A89494FCE0A0}"
EndProject
Project("{FAE04EC0-301F-11D3-BF4B-00C04F79EFBC}") = "BulkyBook.DataAccess", "DataAccessLayer\BulkyBook.DataAccess.csproj", "{56F2CB2D-0144-4F45-9F5A-67956780B728}"
EndProject
Global
	GlobalSection(SolutionConfigurationPlatforms) = preSolution
		Debug|Any CPU = Debug|Any CPU
		Release|Any CPU = Release|Any CPU
	EndGlobalSection
	GlobalSection(ProjectConfigurationPlatforms) = postSolution
		{DD95FBD8-3DDF-4BA6-A32B-994CA95CACB0}.Debug|Any CPU.ActiveCfg = Debug|Any CPU
		{DD95FBD8-3DDF-4BA6-A32B-994CA95CACB0}.Debug|Any CPU.Build.0 = Debug|Any CPU
		{DD95FBD8-3DDF-4BA6-A32B-994CA95CACB0}.Release|Any CPU.ActiveCfg = Release|Any CPU
		{DD95FBD8-3DDF-4BA6-A32B-994CA95CACB0}.Release|Any CPU.Build.0 = Release|Any CPU
		{EBF3C66B-0421-4485-B4C4-A89494FCE0A0}.Debug|Any CPU.ActiveCfg = Debug|Any CPU
		{EBF3C66B-0421-4485-B4C4-A89494FCE0A0}.Debug|Any CPU.Build.0 = Debug|Any CPU
		{EBF3C66B-0421-4485-B4C4-A89494FCE0A0}.Release|Any CPU.ActiveCfg = Release|Any CPU
		{EBF3C66B-0421-4485-B4C4-A89494FCE0A0}.Release|Any CPU.Build.0 = Release|Any CPU
		{56F2CB2D-0144-4F45-9F5A-67956780B728}.Debug|Any CPU.ActiveCfg = Debug|Any CPU
		{56F2CB2D-0144-4F45-9F5A-67956780B728}.Debug|Any CPU.Build.0 = Debug|Any CPU
		{56F2CB2D-0144-4F45-9F5A-67956780B728}.Release|Any CPU.ActiveCfg = Release|Any CPU
		{56F2CB2D-0144-4F45-9F5A-67956780B728}.Release|Any CPU.Build.0 = Release|Any CPU
	EndGlobalSection
	GlobalSection(SolutionProperties) = preSolution
		HideSolutionNode = FALSE
	EndGlobalSection
	GlobalSection(ExtensibilityGlobals) = postSolution
		SolutionGuid = {BBF6A212-EA82-4610-AA0A-314BBDB06A24}
	EndGlobalSection
EndGlobal
